// !$*UTF8*$!
{
	archiveVersion = 1;
	classes = {
	};
	objectVersion = 46;
	objects = {

/* Begin PBXBuildFile section */
		1FA9C0C41C82B7F40061DA48 /* TestAssets in Resources */ = {isa = PBXBuildFile; fileRef = 1FA9C0C31C82B7F40061DA48 /* TestAssets */; };
		48C0441C1C7DA94A000E34C5 /* main.swift in Sources */ = {isa = PBXBuildFile; fileRef = 48C042091C7DA94A000E34C5 /* main.swift */; };
		586AB92B7C6A9FD623336EBF /* Pods.framework in Frameworks */ = {isa = PBXBuildFile; fileRef = 0825018C78884360F1FB5AE9 /* Pods.framework */; };
/* End PBXBuildFile section */

/* Begin PBXFileReference section */
		0825018C78884360F1FB5AE9 /* Pods.framework */ = {isa = PBXFileReference; explicitFileType = wrapper.framework; includeInIndex = 0; path = Pods.framework; sourceTree = BUILT_PRODUCTS_DIR; };
		1FA9C0C31C82B7F40061DA48 /* TestAssets */ = {isa = PBXFileReference; lastKnownFileType = folder; name = TestAssets; path = ../../TestAssets; sourceTree = "<group>"; };
		3F75AA8C325C6027A0143C55 /* Pods.release.xcconfig */ = {isa = PBXFileReference; includeInIndex = 1; lastKnownFileType = text.xcconfig; name = Pods.release.xcconfig; path = "Pods/Target Support Files/Pods/Pods.release.xcconfig"; sourceTree = "<group>"; };
		48C041D81C7DA15D000E34C5 /* PodsDemo.app */ = {isa = PBXFileReference; explicitFileType = wrapper.application; includeInIndex = 0; path = PodsDemo.app; sourceTree = BUILT_PRODUCTS_DIR; };
		48C042091C7DA94A000E34C5 /* main.swift */ = {isa = PBXFileReference; fileEncoding = 4; lastKnownFileType = sourcecode.swift; path = main.swift; sourceTree = "<group>"; };
		8D825430BCD56A74B80B0884 /* Pods.debug.xcconfig */ = {isa = PBXFileReference; includeInIndex = 1; lastKnownFileType = text.xcconfig; name = Pods.debug.xcconfig; path = "Pods/Target Support Files/Pods/Pods.debug.xcconfig"; sourceTree = "<group>"; };
/* End PBXFileReference section */

/* Begin PBXFrameworksBuildPhase section */
		48C041D51C7DA15D000E34C5 /* Frameworks */ = {
			isa = PBXFrameworksBuildPhase;
			buildActionMask = 2147483647;
			files = (
				586AB92B7C6A9FD623336EBF /* Pods.framework in Frameworks */,
			);
			runOnlyForDeploymentPostprocessing = 0;
		};
/* End PBXFrameworksBuildPhase section */

/* Begin PBXGroup section */
		48C041CF1C7DA15D000E34C5 = {
			isa = PBXGroup;
			children = (
				48C041ED1C7DA949000E34C5 /* Benchmark */,
				1FA9C0C31C82B7F40061DA48 /* TestAssets */,
				48C041D91C7DA15D000E34C5 /* Products */,
				9002D666B64F787CDBAD7674 /* Pods */,
				4E1D262C4E32A2707E1BD7C5 /* Frameworks */,
			);
			sourceTree = "<group>";
		};
		48C041D91C7DA15D000E34C5 /* Products */ = {
			isa = PBXGroup;
			children = (
				48C041D81C7DA15D000E34C5 /* PodsDemo.app */,
			);
			name = Products;
			sourceTree = "<group>";
		};
		48C041ED1C7DA949000E34C5 /* Benchmark */ = {
			isa = PBXGroup;
			children = (
				48C042091C7DA94A000E34C5 /* main.swift */,
			);
			name = Benchmark;
			path = ../../Benchmark;
			sourceTree = "<group>";
		};
		4E1D262C4E32A2707E1BD7C5 /* Frameworks */ = {
			isa = PBXGroup;
			children = (
				0825018C78884360F1FB5AE9 /* Pods.framework */,
			);
			name = Frameworks;
			sourceTree = "<group>";
		};
		9002D666B64F787CDBAD7674 /* Pods */ = {
			isa = PBXGroup;
			children = (
				8D825430BCD56A74B80B0884 /* Pods.debug.xcconfig */,
				3F75AA8C325C6027A0143C55 /* Pods.release.xcconfig */,
			);
			name = Pods;
			sourceTree = "<group>";
		};
/* End PBXGroup section */

/* Begin PBXNativeTarget section */
		48C041D71C7DA15D000E34C5 /* PodsDemo */ = {
			isa = PBXNativeTarget;
			buildConfigurationList = 48C041EA1C7DA15D000E34C5 /* Build configuration list for PBXNativeTarget "PodsDemo" */;
			buildPhases = (
				D9C0C76C568818152154B7AA /* Check Pods Manifest.lock */,
				48C041D41C7DA15D000E34C5 /* Sources */,
				48C041D51C7DA15D000E34C5 /* Frameworks */,
				48C041D61C7DA15D000E34C5 /* Resources */,
				7C2E320315E9FC70AFEB8D27 /* Embed Pods Frameworks */,
				12D7E1A3DF435262D1E0042B /* Copy Pods Resources */,
			);
			buildRules = (
			);
			dependencies = (
			);
			name = PodsDemo;
			productName = PodsDemo;
			productReference = 48C041D81C7DA15D000E34C5 /* PodsDemo.app */;
			productType = "com.apple.product-type.application";
		};
/* End PBXNativeTarget section */

/* Begin PBXProject section */
		48C041D01C7DA15D000E34C5 /* Project object */ = {
			isa = PBXProject;
			attributes = {
				LastSwiftUpdateCheck = 0720;
				LastUpgradeCheck = 0720;
				ORGANIZATIONNAME = "Yasuhiro Inami";
				TargetAttributes = {
					48C041D71C7DA15D000E34C5 = {
						CreatedOnToolsVersion = 7.2.1;
					};
				};
			};
			buildConfigurationList = 48C041D31C7DA15D000E34C5 /* Build configuration list for PBXProject "PodsDemo" */;
			compatibilityVersion = "Xcode 3.2";
			developmentRegion = English;
			hasScannedForEncodings = 0;
			knownRegions = (
				en,
				Base,
			);
			mainGroup = 48C041CF1C7DA15D000E34C5;
			productRefGroup = 48C041D91C7DA15D000E34C5 /* Products */;
			projectDirPath = "";
			projectRoot = "";
			targets = (
				48C041D71C7DA15D000E34C5 /* PodsDemo */,
			);
		};
/* End PBXProject section */

/* Begin PBXResourcesBuildPhase section */
		48C041D61C7DA15D000E34C5 /* Resources */ = {
			isa = PBXResourcesBuildPhase;
			buildActionMask = 2147483647;
			files = (
				1FA9C0C41C82B7F40061DA48 /* TestAssets in Resources */,
			);
			runOnlyForDeploymentPostprocessing = 0;
		};
/* End PBXResourcesBuildPhase section */

/* Begin PBXShellScriptBuildPhase section */
		12D7E1A3DF435262D1E0042B /* Copy Pods Resources */ = {
			isa = PBXShellScriptBuildPhase;
			buildActionMask = 2147483647;
			files = (
			);
			inputPaths = (
			);
			name = "Copy Pods Resources";
			outputPaths = (
			);
			runOnlyForDeploymentPostprocessing = 0;
			shellPath = /bin/sh;
			shellScript = "\"${SRCROOT}/Pods/Target Support Files/Pods/Pods-resources.sh\"\n";
			showEnvVarsInLog = 0;
		};
		7C2E320315E9FC70AFEB8D27 /* Embed Pods Frameworks */ = {
			isa = PBXShellScriptBuildPhase;
			buildActionMask = 2147483647;
			files = (
			);
			inputPaths = (
			);
			name = "Embed Pods Frameworks";
			outputPaths = (
			);
			runOnlyForDeploymentPostprocessing = 0;
			shellPath = /bin/sh;
			shellScript = "\"${SRCROOT}/Pods/Target Support Files/Pods/Pods-frameworks.sh\"\n";
			showEnvVarsInLog = 0;
		};
		D9C0C76C568818152154B7AA /* Check Pods Manifest.lock */ = {
			isa = PBXShellScriptBuildPhase;
			buildActionMask = 2147483647;
			files = (
			);
			inputPaths = (
			);
			name = "Check Pods Manifest.lock";
			outputPaths = (
			);
			runOnlyForDeploymentPostprocessing = 0;
			shellPath = /bin/sh;
			shellScript = "diff \"${PODS_ROOT}/../Podfile.lock\" \"${PODS_ROOT}/Manifest.lock\" > /dev/null\nif [[ $? != 0 ]] ; then\n    cat << EOM\nerror: The sandbox is not in sync with the Podfile.lock. Run 'pod install' or update your CocoaPods installation.\nEOM\n    exit 1\nfi\n";
			showEnvVarsInLog = 0;
		};
/* End PBXShellScriptBuildPhase section */

/* Begin PBXSourcesBuildPhase section */
		48C041D41C7DA15D000E34C5 /* Sources */ = {
			isa = PBXSourcesBuildPhase;
			buildActionMask = 2147483647;
			files = (
				48C0441C1C7DA94A000E34C5 /* main.swift in Sources */,
			);
			runOnlyForDeploymentPostprocessing = 0;
		};
/* End PBXSourcesBuildPhase section */

/* Begin XCBuildConfiguration section */
		48C041E81C7DA15D000E34C5 /* Debug */ = {
			isa = XCBuildConfiguration;
			buildSettings = {
				ALWAYS_SEARCH_USER_PATHS = NO;
				CLANG_CXX_LANGUAGE_STANDARD = "gnu++0x";
				CLANG_CXX_LIBRARY = "libc++";
				CLANG_ENABLE_MODULES = YES;
				CLANG_ENABLE_OBJC_ARC = YES;
				CLANG_WARN_BOOL_CONVERSION = YES;
				CLANG_WARN_CONSTANT_CONVERSION = YES;
				CLANG_WARN_DIRECT_OBJC_ISA_USAGE = YES_ERROR;
				CLANG_WARN_EMPTY_BODY = YES;
				CLANG_WARN_ENUM_CONVERSION = YES;
				CLANG_WARN_INT_CONVERSION = YES;
				CLANG_WARN_OBJC_ROOT_CLASS = YES_ERROR;
				CLANG_WARN_UNREACHABLE_CODE = YES;
				CLANG_WARN__DUPLICATE_METHOD_MATCH = YES;
				COPY_PHASE_STRIP = NO;
				DEBUG_INFORMATION_FORMAT = dwarf;
				ENABLE_STRICT_OBJC_MSGSEND = YES;
				ENABLE_TESTABILITY = YES;
				GCC_C_LANGUAGE_STANDARD = gnu99;
				GCC_DYNAMIC_NO_PIC = NO;
				GCC_NO_COMMON_BLOCKS = YES;
				GCC_OPTIMIZATION_LEVEL = 0;
				GCC_PREPROCESSOR_DEFINITIONS = (
					"DEBUG=1",
					"$(inherited)",
				);
				GCC_WARN_64_TO_32_BIT_CONVERSION = YES;
				GCC_WARN_ABOUT_RETURN_TYPE = YES_ERROR;
				GCC_WARN_UNDECLARED_SELECTOR = YES;
				GCC_WARN_UNINITIALIZED_AUTOS = YES_AGGRESSIVE;
				GCC_WARN_UNUSED_FUNCTION = YES;
				GCC_WARN_UNUSED_VARIABLE = YES;
				MTL_ENABLE_DEBUG_INFO = YES;
				ONLY_ACTIVE_ARCH = YES;
				SDKROOT = macosx;
				SWIFT_OPTIMIZATION_LEVEL = "-Onone";
			};
			name = Debug;
		};
		48C041E91C7DA15D000E34C5 /* Release */ = {
			isa = XCBuildConfiguration;
			buildSettings = {
				ALWAYS_SEARCH_USER_PATHS = NO;
				CLANG_CXX_LANGUAGE_STANDARD = "gnu++0x";
				CLANG_CXX_LIBRARY = "libc++";
				CLANG_ENABLE_MODULES = YES;
				CLANG_ENABLE_OBJC_ARC = YES;
				CLANG_WARN_BOOL_CONVERSION = YES;
				CLANG_WARN_CONSTANT_CONVERSION = YES;
				CLANG_WARN_DIRECT_OBJC_ISA_USAGE = YES_ERROR;
				CLANG_WARN_EMPTY_BODY = YES;
				CLANG_WARN_ENUM_CONVERSION = YES;
				CLANG_WARN_INT_CONVERSION = YES;
				CLANG_WARN_OBJC_ROOT_CLASS = YES_ERROR;
				CLANG_WARN_UNREACHABLE_CODE = YES;
				CLANG_WARN__DUPLICATE_METHOD_MATCH = YES;
				COPY_PHASE_STRIP = NO;
				DEBUG_INFORMATION_FORMAT = "dwarf-with-dsym";
				ENABLE_NS_ASSERTIONS = NO;
				ENABLE_STRICT_OBJC_MSGSEND = YES;
				GCC_C_LANGUAGE_STANDARD = gnu99;
				GCC_NO_COMMON_BLOCKS = YES;
				GCC_WARN_64_TO_32_BIT_CONVERSION = YES;
				GCC_WARN_ABOUT_RETURN_TYPE = YES_ERROR;
				GCC_WARN_UNDECLARED_SELECTOR = YES;
				GCC_WARN_UNINITIALIZED_AUTOS = YES_AGGRESSIVE;
				GCC_WARN_UNUSED_FUNCTION = YES;
				GCC_WARN_UNUSED_VARIABLE = YES;
				MTL_ENABLE_DEBUG_INFO = NO;
				SDKROOT = macosx;
				VALIDATE_PRODUCT = YES;
			};
			name = Release;
		};
		48C041EB1C7DA15D000E34C5 /* Debug */ = {
			isa = XCBuildConfiguration;
			baseConfigurationReference = 8D825430BCD56A74B80B0884 /* Pods.debug.xcconfig */;
			buildSettings = {
				LD_RUNPATH_SEARCH_PATHS = "$(inherited) @executable_path/Frameworks";
				PRODUCT_BUNDLE_IDENTIFIER = com.inamiy.TryParsec.PodsDemo;
				PRODUCT_NAME = "$(TARGET_NAME)";
			};
			name = Debug;
		};
		48C041EC1C7DA15D000E34C5 /* Release */ = {
			isa = XCBuildConfiguration;
			baseConfigurationReference = 3F75AA8C325C6027A0143C55 /* Pods.release.xcconfig */;
			buildSettings = {
				LD_RUNPATH_SEARCH_PATHS = "$(inherited) @executable_path/Frameworks";
				PRODUCT_BUNDLE_IDENTIFIER = com.inamiy.TryParsec.PodsDemo;
				PRODUCT_NAME = "$(TARGET_NAME)";
			};
			name = Release;
		};
/* End XCBuildConfiguration section */

/* Begin XCConfigurationList section */
		48C041D31C7DA15D000E34C5 /* Build configuration list for PBXProject "PodsDemo" */ = {
			isa = XCConfigurationList;
			buildConfigurations = (
				48C041E81C7DA15D000E34C5 /* Debug */,
				48C041E91C7DA15D000E34C5 /* Release */,
			);
			defaultConfigurationIsVisible = 0;
			defaultConfigurationName = Release;
		};
		48C041EA1C7DA15D000E34C5 /* Build configuration list for PBXNativeTarget "PodsDemo" */ = {
			isa = XCConfigurationList;
			buildConfigurations = (
				48C041EB1C7DA15D000E34C5 /* Debug */,
				48C041EC1C7DA15D000E34C5 /* Release */,
			);
			defaultConfigurationIsVisible = 0;
			defaultConfigurationName = Release;
		};
/* End XCConfigurationList section */
	};
	rootObject = 48C041D01C7DA15D000E34C5 /* Project object */;
}
